
Microsoft Visual Studio Solution File, Format Version 12.00
# Visual Studio Version 17
VisualStudioVersion = 17.14.36310.24 d17.14
MinimumVisualStudioVersion = 10.0.40219.1
Project("{FAE04EC0-301F-11D3-BF4B-00C04F79EFBC}") = "SurveyAnalyzer", "SurveyAnalyzer.csproj", "{B4B916B2-03EF-4D6D-A8EA-AC31DCED39AB}"
EndProject
Global
	GlobalSection(SolutionConfigurationPlatforms) = preSolution
		Debug|Any CPU = Debug|Any CPU
		Release|Any CPU = Release|Any CPU
	EndGlobalSection
	GlobalSection(ProjectConfigurationPlatforms) = postSolution
		{B4B916B2-03EF-4D6D-A8EA-AC31DCED39AB}.Debug|Any CPU.ActiveCfg = Debug|Any CPU
		{B4B916B2-03EF-4D6D-A8EA-AC31DCED39AB}.Debug|Any CPU.Build.0 = Debug|Any CPU
		{B4B916B2-03EF-4D6D-A8EA-AC31DCED39AB}.Release|Any CPU.ActiveCfg = Release|Any CPU
		{B4B916B2-03EF-4D6D-A8EA-AC31DCED39AB}.Release|Any CPU.Build.0 = Release|Any CPU
	EndGlobalSection
	GlobalSection(SolutionProperties) = preSolution
		HideSolutionNode = FALSE
	EndGlobalSection
	GlobalSection(ExtensibilityGlobals) = postSolution
		SolutionGuid = {785FDD96-947B-4A85-872C-BE6A8A33C20B}
	EndGlobalSection
EndGlobal
